// !$*UTF8*$!
{
	archiveVersion = 1;
	classes = {
	};
	objectVersion = 46;
	objects = {

/* Begin PBXBuildFile section */
		07CCEC371EA6A24600C89AEC /* AppDelegate.swift in Sources */ = {isa = PBXBuildFile; fileRef = 07CCEC361EA6A24600C89AEC /* AppDelegate.swift */; };
		07CCEC391EA6A24600C89AEC /* ViewController.swift in Sources */ = {isa = PBXBuildFile; fileRef = 07CCEC381EA6A24600C89AEC /* ViewController.swift */; };
		07CCEC3C1EA6A24600C89AEC /* Main.storyboard in Resources */ = {isa = PBXBuildFile; fileRef = 07CCEC3A1EA6A24600C89AEC /* Main.storyboard */; };
		07CCEC3E1EA6A24600C89AEC /* Assets.xcassets in Resources */ = {isa = PBXBuildFile; fileRef = 07CCEC3D1EA6A24600C89AEC /* Assets.xcassets */; };
		07CCEC411EA6A24600C89AEC /* LaunchScreen.storyboard in Resources */ = {isa = PBXBuildFile; fileRef = 07CCEC3F1EA6A24600C89AEC /* LaunchScreen.storyboard */; };
		07CCEC4C1EA6A24700C89AEC /* Proximi_tyTests.swift in Sources */ = {isa = PBXBuildFile; fileRef = 07CCEC4B1EA6A24700C89AEC /* Proximi_tyTests.swift */; };
		07CCEC571EA6A24700C89AEC /* Proximi_tyUITests.swift in Sources */ = {isa = PBXBuildFile; fileRef = 07CCEC561EA6A24700C89AEC /* Proximi_tyUITests.swift */; };
/* End PBXBuildFile section */

/* Begin PBXContainerItemProxy section */
		07CCEC481EA6A24700C89AEC /* PBXContainerItemProxy */ = {
			isa = PBXContainerItemProxy;
			containerPortal = 07CCEC2B1EA6A24600C89AEC /* Project object */;
			proxyType = 1;
			remoteGlobalIDString = 07CCEC321EA6A24600C89AEC;
			remoteInfo = Proximi.ty;
		};
		07CCEC531EA6A24700C89AEC /* PBXContainerItemProxy */ = {
			isa = PBXContainerItemProxy;
			containerPortal = 07CCEC2B1EA6A24600C89AEC /* Project object */;
			proxyType = 1;
			remoteGlobalIDString = 07CCEC321EA6A24600C89AEC;
			remoteInfo = Proximi.ty;
		};
/* End PBXContainerItemProxy section */

/* Begin PBXFileReference section */
		07CCEC331EA6A24600C89AEC /* Proximi.ty.app */ = {isa = PBXFileReference; explicitFileType = wrapper.application; includeInIndex = 0; path = Proximi.ty.app; sourceTree = BUILT_PRODUCTS_DIR; };
		07CCEC361EA6A24600C89AEC /* AppDelegate.swift */ = {isa = PBXFileReference; lastKnownFileType = sourcecode.swift; path = AppDelegate.swift; sourceTree = "<group>"; };
		07CCEC381EA6A24600C89AEC /* ViewController.swift */ = {isa = PBXFileReference; lastKnownFileType = sourcecode.swift; path = ViewController.swift; sourceTree = "<group>"; };
		07CCEC3B1EA6A24600C89AEC /* Base */ = {isa = PBXFileReference; lastKnownFileType = file.storyboard; name = Base; path = Base.lproj/Main.storyboard; sourceTree = "<group>"; };
		07CCEC3D1EA6A24600C89AEC /* Assets.xcassets */ = {isa = PBXFileReference; lastKnownFileType = folder.assetcatalog; path = Assets.xcassets; sourceTree = "<group>"; };
		07CCEC401EA6A24600C89AEC /* Base */ = {isa = PBXFileReference; lastKnownFileType = file.storyboard; name = Base; path = Base.lproj/LaunchScreen.storyboard; sourceTree = "<group>"; };
		07CCEC421EA6A24600C89AEC /* Info.plist */ = {isa = PBXFileReference; lastKnownFileType = text.plist.xml; path = Info.plist; sourceTree = "<group>"; };
		07CCEC471EA6A24700C89AEC /* Proximi.tyTests.xctest */ = {isa = PBXFileReference; explicitFileType = wrapper.cfbundle; includeInIndex = 0; path = Proximi.tyTests.xctest; sourceTree = BUILT_PRODUCTS_DIR; };
		07CCEC4B1EA6A24700C89AEC /* Proximi_tyTests.swift */ = {isa = PBXFileReference; lastKnownFileType = sourcecode.swift; path = Proximi_tyTests.swift; sourceTree = "<group>"; };
		07CCEC4D1EA6A24700C89AEC /* Info.plist */ = {isa = PBXFileReference; lastKnownFileType = text.plist.xml; path = Info.plist; sourceTree = "<group>"; };
		07CCEC521EA6A24700C89AEC /* Proximi.tyUITests.xctest */ = {isa = PBXFileReference; explicitFileType = wrapper.cfbundle; includeInIndex = 0; path = Proximi.tyUITests.xctest; sourceTree = BUILT_PRODUCTS_DIR; };
		07CCEC561EA6A24700C89AEC /* Proximi_tyUITests.swift */ = {isa = PBXFileReference; lastKnownFileType = sourcecode.swift; path = Proximi_tyUITests.swift; sourceTree = "<group>"; };
		07CCEC581EA6A24700C89AEC /* Info.plist */ = {isa = PBXFileReference; lastKnownFileType = text.plist.xml; path = Info.plist; sourceTree = "<group>"; };
/* End PBXFileReference section */

/* Begin PBXFrameworksBuildPhase section */
		07CCEC301EA6A24600C89AEC /* Frameworks */ = {
			isa = PBXFrameworksBuildPhase;
			buildActionMask = 2147483647;
			files = (
			);
			runOnlyForDeploymentPostprocessing = 0;
		};
		07CCEC441EA6A24700C89AEC /* Frameworks */ = {
			isa = PBXFrameworksBuildPhase;
			buildActionMask = 2147483647;
			files = (
			);
			runOnlyForDeploymentPostprocessing = 0;
		};
		07CCEC4F1EA6A24700C89AEC /* Frameworks */ = {
			isa = PBXFrameworksBuildPhase;
			buildActionMask = 2147483647;
			files = (
			);
			runOnlyForDeploymentPostprocessing = 0;
		};
/* End PBXFrameworksBuildPhase section */

/* Begin PBXGroup section */
		07CCEC2A1EA6A24600C89AEC = {
			isa = PBXGroup;
			children = (
				07CCEC351EA6A24600C89AEC /* Proximi.ty */,
				07CCEC4A1EA6A24700C89AEC /* Proximi.tyTests */,
				07CCEC551EA6A24700C89AEC /* Proximi.tyUITests */,
				07CCEC341EA6A24600C89AEC /* Products */,
			);
			sourceTree = "<group>";
		};
		07CCEC341EA6A24600C89AEC /* Products */ = {
			isa = PBXGroup;
			children = (
				07CCEC331EA6A24600C89AEC /* Proximi.ty.app */,
				07CCEC471EA6A24700C89AEC /* Proximi.tyTests.xctest */,
				07CCEC521EA6A24700C89AEC /* Proximi.tyUITests.xctest */,
			);
			name = Products;
			sourceTree = "<group>";
		};
		07CCEC351EA6A24600C89AEC /* Proximi.ty */ = {
			isa = PBXGroup;
			children = (
				07CCEC361EA6A24600C89AEC /* AppDelegate.swift */,
				07CCEC381EA6A24600C89AEC /* ViewController.swift */,
				07CCEC3A1EA6A24600C89AEC /* Main.storyboard */,
				07CCEC3D1EA6A24600C89AEC /* Assets.xcassets */,
				07CCEC3F1EA6A24600C89AEC /* LaunchScreen.storyboard */,
				07CCEC421EA6A24600C89AEC /* Info.plist */,
			);
			path = Proximi.ty;
			sourceTree = "<group>";
		};
		07CCEC4A1EA6A24700C89AEC /* Proximi.tyTests */ = {
			isa = PBXGroup;
			children = (
				07CCEC4B1EA6A24700C89AEC /* Proximi_tyTests.swift */,
				07CCEC4D1EA6A24700C89AEC /* Info.plist */,
			);
			path = Proximi.tyTests;
			sourceTree = "<group>";
		};
		07CCEC551EA6A24700C89AEC /* Proximi.tyUITests */ = {
			isa = PBXGroup;
			children = (
				07CCEC561EA6A24700C89AEC /* Proximi_tyUITests.swift */,
				07CCEC581EA6A24700C89AEC /* Info.plist */,
			);
			path = Proximi.tyUITests;
			sourceTree = "<group>";
		};
/* End PBXGroup section */

/* Begin PBXNativeTarget section */
		07CCEC321EA6A24600C89AEC /* Proximi.ty */ = {
			isa = PBXNativeTarget;
			buildConfigurationList = 07CCEC5B1EA6A24700C89AEC /* Build configuration list for PBXNativeTarget "Proximi.ty" */;
			buildPhases = (
				07CCEC2F1EA6A24600C89AEC /* Sources */,
				07CCEC301EA6A24600C89AEC /* Frameworks */,
				07CCEC311EA6A24600C89AEC /* Resources */,
			);
			buildRules = (
			);
			dependencies = (
			);
			name = Proximi.ty;
			productName = Proximi.ty;
			productReference = 07CCEC331EA6A24600C89AEC /* Proximi.ty.app */;
			productType = "com.apple.product-type.application";
		};
		07CCEC461EA6A24700C89AEC /* Proximi.tyTests */ = {
			isa = PBXNativeTarget;
			buildConfigurationList = 07CCEC5E1EA6A24700C89AEC /* Build configuration list for PBXNativeTarget "Proximi.tyTests" */;
			buildPhases = (
				07CCEC431EA6A24700C89AEC /* Sources */,
				07CCEC441EA6A24700C89AEC /* Frameworks */,
				07CCEC451EA6A24700C89AEC /* Resources */,
			);
			buildRules = (
			);
			dependencies = (
				07CCEC491EA6A24700C89AEC /* PBXTargetDependency */,
			);
			name = Proximi.tyTests;
			productName = Proximi.tyTests;
			productReference = 07CCEC471EA6A24700C89AEC /* Proximi.tyTests.xctest */;
			productType = "com.apple.product-type.bundle.unit-test";
		};
		07CCEC511EA6A24700C89AEC /* Proximi.tyUITests */ = {
			isa = PBXNativeTarget;
			buildConfigurationList = 07CCEC611EA6A24700C89AEC /* Build configuration list for PBXNativeTarget "Proximi.tyUITests" */;
			buildPhases = (
				07CCEC4E1EA6A24700C89AEC /* Sources */,
				07CCEC4F1EA6A24700C89AEC /* Frameworks */,
				07CCEC501EA6A24700C89AEC /* Resources */,
			);
			buildRules = (
			);
			dependencies = (
				07CCEC541EA6A24700C89AEC /* PBXTargetDependency */,
			);
			name = Proximi.tyUITests;
			productName = Proximi.tyUITests;
			productReference = 07CCEC521EA6A24700C89AEC /* Proximi.tyUITests.xctest */;
			productType = "com.apple.product-type.bundle.ui-testing";
		};
/* End PBXNativeTarget section */

/* Begin PBXProject section */
		07CCEC2B1EA6A24600C89AEC /* Project object */ = {
			isa = PBXProject;
			attributes = {
				LastSwiftUpdateCheck = 0830;
				LastUpgradeCheck = 0830;
				ORGANIZATIONNAME = ericYu;
				TargetAttributes = {
					07CCEC321EA6A24600C89AEC = {
						CreatedOnToolsVersion = 8.3.1;
						ProvisioningStyle = Automatic;
					};
					07CCEC461EA6A24700C89AEC = {
						CreatedOnToolsVersion = 8.3.1;
						ProvisioningStyle = Automatic;
						TestTargetID = 07CCEC321EA6A24600C89AEC;
					};
					07CCEC511EA6A24700C89AEC = {
						CreatedOnToolsVersion = 8.3.1;
						ProvisioningStyle = Automatic;
						TestTargetID = 07CCEC321EA6A24600C89AEC;
					};
				};
			};
			buildConfigurationList = 07CCEC2E1EA6A24600C89AEC /* Build configuration list for PBXProject "Proximi.ty" */;
			compatibilityVersion = "Xcode 3.2";
			developmentRegion = English;
			hasScannedForEncodings = 0;
			knownRegions = (
				en,
				Base,
			);
			mainGroup = 07CCEC2A1EA6A24600C89AEC;
			productRefGroup = 07CCEC341EA6A24600C89AEC /* Products */;
			projectDirPath = "";
			projectRoot = "";
			targets = (
				07CCEC321EA6A24600C89AEC /* Proximi.ty */,
				07CCEC461EA6A24700C89AEC /* Proximi.tyTests */,
				07CCEC511EA6A24700C89AEC /* Proximi.tyUITests */,
			);
		};
/* End PBXProject section */

/* Begin PBXResourcesBuildPhase section */
		07CCEC311EA6A24600C89AEC /* Resources */ = {
			isa = PBXResourcesBuildPhase;
			buildActionMask = 2147483647;
			files = (
				07CCEC411EA6A24600C89AEC /* LaunchScreen.storyboard in Resources */,
				07CCEC3E1EA6A24600C89AEC /* Assets.xcassets in Resources */,
				07CCEC3C1EA6A24600C89AEC /* Main.storyboard in Resources */,
			);
			runOnlyForDeploymentPostprocessing = 0;
		};
		07CCEC451EA6A24700C89AEC /* Resources */ = {
			isa = PBXResourcesBuildPhase;
			buildActionMask = 2147483647;
			files = (
			);
			runOnlyForDeploymentPostprocessing = 0;
		};
		07CCEC501EA6A24700C89AEC /* Resources */ = {
			isa = PBXResourcesBuildPhase;
			buildActionMask = 2147483647;
			files = (
			);
			runOnlyForDeploymentPostprocessing = 0;
		};
/* End PBXResourcesBuildPhase section */

/* Begin PBXSourcesBuildPhase section */
		07CCEC2F1EA6A24600C89AEC /* Sources */ = {
			isa = PBXSourcesBuildPhase;
			buildActionMask = 2147483647;
			files = (
				07CCEC391EA6A24600C89AEC /* ViewController.swift in Sources */,
				07CCEC371EA6A24600C89AEC /* AppDelegate.swift in Sources */,
			);
			runOnlyForDeploymentPostprocessing = 0;
		};
		07CCEC431EA6A24700C89AEC /* Sources */ = {
			isa = PBXSourcesBuildPhase;
			buildActionMask = 2147483647;
			files = (
				07CCEC4C1EA6A24700C89AEC /* Proximi_tyTests.swift in Sources */,
			);
			runOnlyForDeploymentPostprocessing = 0;
		};
		07CCEC4E1EA6A24700C89AEC /* Sources */ = {
			isa = PBXSourcesBuildPhase;
			buildActionMask = 2147483647;
			files = (
				07CCEC571EA6A24700C89AEC /* Proximi_tyUITests.swift in Sources */,
			);
			runOnlyForDeploymentPostprocessing = 0;
		};
/* End PBXSourcesBuildPhase section */

/* Begin PBXTargetDependency section */
		07CCEC491EA6A24700C89AEC /* PBXTargetDependency */ = {
			isa = PBXTargetDependency;
			target = 07CCEC321EA6A24600C89AEC /* Proximi.ty */;
			targetProxy = 07CCEC481EA6A24700C89AEC /* PBXContainerItemProxy */;
		};
		07CCEC541EA6A24700C89AEC /* PBXTargetDependency */ = {
			isa = PBXTargetDependency;
			target = 07CCEC321EA6A24600C89AEC /* Proximi.ty */;
			targetProxy = 07CCEC531EA6A24700C89AEC /* PBXContainerItemProxy */;
		};
/* End PBXTargetDependency section */

/* Begin PBXVariantGroup section */
		07CCEC3A1EA6A24600C89AEC /* Main.storyboard */ = {
			isa = PBXVariantGroup;
			children = (
				07CCEC3B1EA6A24600C89AEC /* Base */,
			);
			name = Main.storyboard;
			sourceTree = "<group>";
		};
		07CCEC3F1EA6A24600C89AEC /* LaunchScreen.storyboard */ = {
			isa = PBXVariantGroup;
			children = (
				07CCEC401EA6A24600C89AEC /* Base */,
			);
			name = LaunchScreen.storyboard;
			sourceTree = "<group>";
		};
/* End PBXVariantGroup section */

/* Begin XCBuildConfiguration section */
		07CCEC591EA6A24700C89AEC /* Debug */ = {
			isa = XCBuildConfiguration;
			buildSettings = {
				ALWAYS_SEARCH_USER_PATHS = NO;
				CLANG_ANALYZER_NONNULL = YES;
				CLANG_ANALYZER_NUMBER_OBJECT_CONVERSION = YES_AGGRESSIVE;
				CLANG_CXX_LANGUAGE_STANDARD = "gnu++0x";
				CLANG_CXX_LIBRARY = "libc++";
				CLANG_ENABLE_MODULES = YES;
				CLANG_ENABLE_OBJC_ARC = YES;
				CLANG_WARN_BOOL_CONVERSION = YES;
				CLANG_WARN_CONSTANT_CONVERSION = YES;
				CLANG_WARN_DIRECT_OBJC_ISA_USAGE = YES_ERROR;
				CLANG_WARN_DOCUMENTATION_COMMENTS = YES;
				CLANG_WARN_EMPTY_BODY = YES;
				CLANG_WARN_ENUM_CONVERSION = YES;
				CLANG_WARN_INFINITE_RECURSION = YES;
				CLANG_WARN_INT_CONVERSION = YES;
				CLANG_WARN_OBJC_ROOT_CLASS = YES_ERROR;
				CLANG_WARN_SUSPICIOUS_MOVE = YES;
				CLANG_WARN_UNREACHABLE_CODE = YES;
				CLANG_WARN__DUPLICATE_METHOD_MATCH = YES;
				"CODE_SIGN_IDENTITY[sdk=iphoneos*]" = "iPhone Developer";
				COPY_PHASE_STRIP = NO;
				DEBUG_INFORMATION_FORMAT = dwarf;
				ENABLE_STRICT_OBJC_MSGSEND = YES;
				ENABLE_TESTABILITY = YES;
				GCC_C_LANGUAGE_STANDARD = gnu99;
				GCC_DYNAMIC_NO_PIC = NO;
				GCC_NO_COMMON_BLOCKS = YES;
				GCC_OPTIMIZATION_LEVEL = 0;
				GCC_PREPROCESSOR_DEFINITIONS = (
					"DEBUG=1",
					"$(inherited)",
				);
				GCC_WARN_64_TO_32_BIT_CONVERSION = YES;
				GCC_WARN_ABOUT_RETURN_TYPE = YES_ERROR;
				GCC_WARN_UNDECLARED_SELECTOR = YES;
				GCC_WARN_UNINITIALIZED_AUTOS = YES_AGGRESSIVE;
				GCC_WARN_UNUSED_FUNCTION = YES;
				GCC_WARN_UNUSED_VARIABLE = YES;
				IPHONEOS_DEPLOYMENT_TARGET = 10.3;
				MTL_ENABLE_DEBUG_INFO = YES;
				ONLY_ACTIVE_ARCH = YES;
				SDKROOT = iphoneos;
				SWIFT_ACTIVE_COMPILATION_CONDITIONS = DEBUG;
				SWIFT_OPTIMIZATION_LEVEL = "-Onone";
				TARGETED_DEVICE_FAMILY = "1,2";
			};
			name = Debug;
		};
		07CCEC5A1EA6A24700C89AEC /* Release */ = {
			isa = XCBuildConfiguration;
			buildSettings = {
				ALWAYS_SEARCH_USER_PATHS = NO;
				CLANG_ANALYZER_NONNULL = YES;
				CLANG_ANALYZER_NUMBER_OBJECT_CONVERSION = YES_AGGRESSIVE;
				CLANG_CXX_LANGUAGE_STANDARD = "gnu++0x";
				CLANG_CXX_LIBRARY = "libc++";
				CLANG_ENABLE_MODULES = YES;
				CLANG_ENABLE_OBJC_ARC = YES;
				CLANG_WARN_BOOL_CONVERSION = YES;
				CLANG_WARN_CONSTANT_CONVERSION = YES;
				CLANG_WARN_DIRECT_OBJC_ISA_USAGE = YES_ERROR;
				CLANG_WARN_DOCUMENTATION_COMMENTS = YES;
				CLANG_WARN_EMPTY_BODY = YES;
				CLANG_WARN_ENUM_CONVERSION = YES;
				CLANG_WARN_INFINITE_RECURSION = YES;
				CLANG_WARN_INT_CONVERSION = YES;
				CLANG_WARN_OBJC_ROOT_CLASS = YES_ERROR;
				CLANG_WARN_SUSPICIOUS_MOVE = YES;
				CLANG_WARN_UNREACHABLE_CODE = YES;
				CLANG_WARN__DUPLICATE_METHOD_MATCH = YES;
				"CODE_SIGN_IDENTITY[sdk=iphoneos*]" = "iPhone Developer";
				COPY_PHASE_STRIP = NO;
				DEBUG_INFORMATION_FORMAT = "dwarf-with-dsym";
				ENABLE_NS_ASSERTIONS = NO;
				ENABLE_STRICT_OBJC_MSGSEND = YES;
				GCC_C_LANGUAGE_STANDARD = gnu99;
				GCC_NO_COMMON_BLOCKS = YES;
				GCC_WARN_64_TO_32_BIT_CONVERSION = YES;
				GCC_WARN_ABOUT_RETURN_TYPE = YES_ERROR;
				GCC_WARN_UNDECLARED_SELECTOR = YES;
				GCC_WARN_UNINITIALIZED_AUTOS = YES_AGGRESSIVE;
				GCC_WARN_UNUSED_FUNCTION = YES;
				GCC_WARN_UNUSED_VARIABLE = YES;
				IPHONEOS_DEPLOYMENT_TARGET = 10.3;
				MTL_ENABLE_DEBUG_INFO = NO;
				SDKROOT = iphoneos;
				SWIFT_OPTIMIZATION_LEVEL = "-Owholemodule";
				TARGETED_DEVICE_FAMILY = "1,2";
				VALIDATE_PRODUCT = YES;
			};
			name = Release;
		};
		07CCEC5C1EA6A24700C89AEC /* Debug */ = {
			isa = XCBuildConfiguration;
			buildSettings = {
				ASSETCATALOG_COMPILER_APPICON_NAME = AppIcon;
				INFOPLIST_FILE = Proximi.ty/Info.plist;
				LD_RUNPATH_SEARCH_PATHS = "$(inherited) @executable_path/Frameworks";
				PRODUCT_BUNDLE_IDENTIFIER = "EricYuApps.Proximi-ty";
				PRODUCT_NAME = "$(TARGET_NAME)";
				SWIFT_VERSION = 3.0;
			};
			name = Debug;
		};
		07CCEC5D1EA6A24700C89AEC /* Release */ = {
			isa = XCBuildConfiguration;
			buildSettings = {
				ASSETCATALOG_COMPILER_APPICON_NAME = AppIcon;
				INFOPLIST_FILE = Proximi.ty/Info.plist;
				LD_RUNPATH_SEARCH_PATHS = "$(inherited) @executable_path/Frameworks";
				PRODUCT_BUNDLE_IDENTIFIER = "EricYuApps.Proximi-ty";
				PRODUCT_NAME = "$(TARGET_NAME)";
				SWIFT_VERSION = 3.0;
			};
			name = Release;
		};
		07CCEC5F1EA6A24700C89AEC /* Debug */ = {
			isa = XCBuildConfiguration;
			buildSettings = {
				ALWAYS_EMBED_SWIFT_STANDARD_LIBRARIES = YES;
				BUNDLE_LOADER = "$(TEST_HOST)";
				INFOPLIST_FILE = Proximi.tyTests/Info.plist;
				LD_RUNPATH_SEARCH_PATHS = "$(inherited) @executable_path/Frameworks @loader_path/Frameworks";
				PRODUCT_BUNDLE_IDENTIFIER = "EricYuApps.Proximi-tyTests";
				PRODUCT_NAME = "$(TARGET_NAME)";
				SWIFT_VERSION = 3.0;
				TEST_HOST = "$(BUILT_PRODUCTS_DIR)/Proximi.ty.app/Proximi.ty";
			};
			name = Debug;
		};
		07CCEC601EA6A24700C89AEC /* Release */ = {
			isa = XCBuildConfiguration;
			buildSettings = {
				ALWAYS_EMBED_SWIFT_STANDARD_LIBRARIES = YES;
				BUNDLE_LOADER = "$(TEST_HOST)";
				INFOPLIST_FILE = Proximi.tyTests/Info.plist;
				LD_RUNPATH_SEARCH_PATHS = "$(inherited) @executable_path/Frameworks @loader_path/Frameworks";
				PRODUCT_BUNDLE_IDENTIFIER = "EricYuApps.Proximi-tyTests";
				PRODUCT_NAME = "$(TARGET_NAME)";
				SWIFT_VERSION = 3.0;
				TEST_HOST = "$(BUILT_PRODUCTS_DIR)/Proximi.ty.app/Proximi.ty";
			};
			name = Release;
		};
		07CCEC621EA6A24700C89AEC /* Debug */ = {
			isa = XCBuildConfiguration;
			buildSettings = {
				ALWAYS_EMBED_SWIFT_STANDARD_LIBRARIES = YES;
				INFOPLIST_FILE = Proximi.tyUITests/Info.plist;
				LD_RUNPATH_SEARCH_PATHS = "$(inherited) @executable_path/Frameworks @loader_path/Frameworks";
				PRODUCT_BUNDLE_IDENTIFIER = "EricYuApps.Proximi-tyUITests";
				PRODUCT_NAME = "$(TARGET_NAME)";
				SWIFT_VERSION = 3.0;
				TEST_TARGET_NAME = Proximi.ty;
			};
			name = Debug;
		};
		07CCEC631EA6A24700C89AEC /* Release */ = {
			isa = XCBuildConfiguration;
			buildSettings = {
				ALWAYS_EMBED_SWIFT_STANDARD_LIBRARIES = YES;
				INFOPLIST_FILE = Proximi.tyUITests/Info.plist;
				LD_RUNPATH_SEARCH_PATHS = "$(inherited) @executable_path/Frameworks @loader_path/Frameworks";
				PRODUCT_BUNDLE_IDENTIFIER = "EricYuApps.Proximi-tyUITests";
				PRODUCT_NAME = "$(TARGET_NAME)";
				SWIFT_VERSION = 3.0;
				TEST_TARGET_NAME = Proximi.ty;
			};
			name = Release;
		};
/* End XCBuildConfiguration section */

/* Begin XCConfigurationList section */
		07CCEC2E1EA6A24600C89AEC /* Build configuration list for PBXProject "Proximi.ty" */ = {
			isa = XCConfigurationList;
			buildConfigurations = (
				07CCEC591EA6A24700C89AEC /* Debug */,
				07CCEC5A1EA6A24700C89AEC /* Release */,
			);
			defaultConfigurationIsVisible = 0;
			defaultConfigurationName = Release;
		};
		07CCEC5B1EA6A24700C89AEC /* Build configuration list for PBXNativeTarget "Proximi.ty" */ = {
			isa = XCConfigurationList;
			buildConfigurations = (
				07CCEC5C1EA6A24700C89AEC /* Debug */,
				07CCEC5D1EA6A24700C89AEC /* Release */,
			);
			defaultConfigurationIsVisible = 0;
		};
		07CCEC5E1EA6A24700C89AEC /* Build configuration list for PBXNativeTarget "Proximi.tyTests" */ = {
			isa = XCConfigurationList;
			buildConfigurations = (
				07CCEC5F1EA6A24700C89AEC /* Debug */,
				07CCEC601EA6A24700C89AEC /* Release */,
			);
			defaultConfigurationIsVisible = 0;
		};
		07CCEC611EA6A24700C89AEC /* Build configuration list for PBXNativeTarget "Proximi.tyUITests" */ = {
			isa = XCConfigurationList;
			buildConfigurations = (
				07CCEC621EA6A24700C89AEC /* Debug */,
				07CCEC631EA6A24700C89AEC /* Release */,
			);
			defaultConfigurationIsVisible = 0;
		};
/* End XCConfigurationList section */
	};
	rootObject = 07CCEC2B1EA6A24600C89AEC /* Project object */;
}
